
Microsoft Visual Studio Solution File, Format Version 12.00
# Visual Studio Version 17
VisualStudioVersion = 17.5.33414.496
MinimumVisualStudioVersion = 10.0.40219.1
Project("{8BC9CEB8-8B4A-11D0-8D11-00A0C91BC942}") = "ArrayCreateNewFromTwo", "ArrayCreateNewFromTwo\ArrayCreateNewFromTwo.vcxproj", "{B50C76DB-7E5F-4A65-8B2D-7275E3807E8A}"
EndProject
Global
	GlobalSection(SolutionConfigurationPlatforms) = preSolution
		Debug|x64 = Debug|x64
		Debug|x86 = Debug|x86
		Release|x64 = Release|x64
		Release|x86 = Release|x86
	EndGlobalSection
	GlobalSection(ProjectConfigurationPlatforms) = postSolution
		{B50C76DB-7E5F-4A65-8B2D-7275E3807E8A}.Debug|x64.ActiveCfg = Debug|x64
		{B50C76DB-7E5F-4A65-8B2D-7275E3807E8A}.Debug|x64.Build.0 = Debug|x64
		{B50C76DB-7E5F-4A65-8B2D-7275E3807E8A}.Debug|x86.ActiveCfg = Debug|Win32
		{B50C76DB-7E5F-4A65-8B2D-7275E3807E8A}.Debug|x86.Build.0 = Debug|Win32
		{B50C76DB-7E5F-4A65-8B2D-7275E3807E8A}.Release|x64.ActiveCfg = Release|x64
		{B50C76DB-7E5F-4A65-8B2D-7275E3807E8A}.Release|x64.Build.0 = Release|x64
		{B50C76DB-7E5F-4A65-8B2D-7275E3807E8A}.Release|x86.ActiveCfg = Release|Win32
		{B50C76DB-7E5F-4A65-8B2D-7275E3807E8A}.Release|x86.Build.0 = Release|Win32
	EndGlobalSection
	GlobalSection(SolutionProperties) = preSolution
		HideSolutionNode = FALSE
	EndGlobalSection
	GlobalSection(ExtensibilityGlobals) = postSolution
		SolutionGuid = {7D217C06-9615-45B1-B40A-9069D47D7BF8}
	EndGlobalSection
EndGlobal
